{
  "requires": true,
  "lockfileVersion": 1,
  "dependencies": {
    "intersection-observer": {
      "version": "0.7.0",
      "resolved": "https://registry.npmjs.org/intersection-observer/-/intersection-observer-0.7.0.tgz",
      "integrity": "sha512-Id0Fij0HsB/vKWGeBe9PxeY45ttRiBmhFyyt/geBdDHBYNctMRTE3dC1U3ujzz3lap+hVXlEcVaB56kZP/eEUg=="
    },
    "scrollama": {
      "version": "2.1.3",
      "resolved": "https://registry.npmjs.org/scrollama/-/scrollama-2.1.3.tgz",
      "integrity": "sha512-wL48L76gZoVtSgwzR6YMXTGWzCiPQ/yQldLHDKTx1Sf/bF7XTQXV6p0aJVcLx7I2/kyH85dYzvwyOZbTBS4nSw=="
    }
  }
}
